
Microsoft Visual Studio Solution File, Format Version 12.00
# Visual Studio Version 17
VisualStudioVersion = 17.3.32929.385
MinimumVisualStudioVersion = 10.0.40219.1
Project("{FAE04EC0-301F-11D3-BF4B-00C04F79EFBC}") = "DAL", "DAL\DAL.csproj", "{83304D05-8B8C-4F82-AFC7-14809D01894F}"
EndProject
Project("{9A19103F-16F7-4668-BE54-9A1E7A4F7556}") = "Blog_WebApi", "Blog_WebApi\Blog_WebApi.csproj", "{DED139B9-42B6-410E-B773-099EDA6EC0BB}"
EndProject
Project("{9A19103F-16F7-4668-BE54-9A1E7A4F7556}") = "Blog_MVC", "Blog_MVC\Blog_MVC.csproj", "{C0C33169-F558-45E3-BDBC-AF57975FDE5F}"
EndProject
Project("{FAE04EC0-301F-11D3-BF4B-00C04F79EFBC}") = "Blog.Test", "Blog.Test\Blog.Test.csproj", "{A8DEB84B-DF51-49E1-A8B3-C68E6705578A}"
EndProject
Global
	GlobalSection(SolutionConfigurationPlatforms) = preSolution
		Debug|Any CPU = Debug|Any CPU
		Release|Any CPU = Release|Any CPU
	EndGlobalSection
	GlobalSection(ProjectConfigurationPlatforms) = postSolution
		{83304D05-8B8C-4F82-AFC7-14809D01894F}.Debug|Any CPU.ActiveCfg = Debug|Any CPU
		{83304D05-8B8C-4F82-AFC7-14809D01894F}.Debug|Any CPU.Build.0 = Debug|Any CPU
		{83304D05-8B8C-4F82-AFC7-14809D01894F}.Release|Any CPU.ActiveCfg = Release|Any CPU
		{83304D05-8B8C-4F82-AFC7-14809D01894F}.Release|Any CPU.Build.0 = Release|Any CPU
		{DED139B9-42B6-410E-B773-099EDA6EC0BB}.Debug|Any CPU.ActiveCfg = Debug|Any CPU
		{DED139B9-42B6-410E-B773-099EDA6EC0BB}.Debug|Any CPU.Build.0 = Debug|Any CPU
		{DED139B9-42B6-410E-B773-099EDA6EC0BB}.Release|Any CPU.ActiveCfg = Release|Any CPU
		{DED139B9-42B6-410E-B773-099EDA6EC0BB}.Release|Any CPU.Build.0 = Release|Any CPU
		{C0C33169-F558-45E3-BDBC-AF57975FDE5F}.Debug|Any CPU.ActiveCfg = Debug|Any CPU
		{C0C33169-F558-45E3-BDBC-AF57975FDE5F}.Debug|Any CPU.Build.0 = Debug|Any CPU
		{C0C33169-F558-45E3-BDBC-AF57975FDE5F}.Release|Any CPU.ActiveCfg = Release|Any CPU
		{C0C33169-F558-45E3-BDBC-AF57975FDE5F}.Release|Any CPU.Build.0 = Release|Any CPU
		{A8DEB84B-DF51-49E1-A8B3-C68E6705578A}.Debug|Any CPU.ActiveCfg = Debug|Any CPU
		{A8DEB84B-DF51-49E1-A8B3-C68E6705578A}.Debug|Any CPU.Build.0 = Debug|Any CPU
		{A8DEB84B-DF51-49E1-A8B3-C68E6705578A}.Release|Any CPU.ActiveCfg = Release|Any CPU
		{A8DEB84B-DF51-49E1-A8B3-C68E6705578A}.Release|Any CPU.Build.0 = Release|Any CPU
	EndGlobalSection
	GlobalSection(SolutionProperties) = preSolution
		HideSolutionNode = FALSE
	EndGlobalSection
	GlobalSection(ExtensibilityGlobals) = postSolution
		SolutionGuid = {3EBC577A-8B9C-4317-9FDB-E6098F322792}
	EndGlobalSection
EndGlobal
